
Microsoft Visual Studio Solution File, Format Version 12.00
# Visual Studio Version 16
VisualStudioVersion = 16.0.29806.167
MinimumVisualStudioVersion = 10.0.40219.1
Project("{2150E333-8FDC-42A3-9474-1A3956D46DE8}") = "AspNetCleanArch.Application", "AspNetCleanArch.Application", "{C6542748-DA3B-45BC-BE75-A501039FEF6E}"
EndProject
Project("{2150E333-8FDC-42A3-9474-1A3956D46DE8}") = "AspNetCleanArch.Domain", "AspNetCleanArch.Domain", "{43E44A65-3374-4764-9BF0-B062386F8A3F}"
EndProject
Project("{2150E333-8FDC-42A3-9474-1A3956D46DE8}") = "AspNetCleanArch.Infrastructure.Data", "AspNetCleanArch.Infrastructure.Data", "{56EAB48E-2045-44D0-B257-F54B502CE33F}"
EndProject
Project("{2150E333-8FDC-42A3-9474-1A3956D46DE8}") = "AspNetCleanArch.Infrastructure.IoC", "AspNetCleanArch.Infrastructure.IoC", "{F971AF2C-A464-4FAD-A63E-F5ED1AB82AD5}"
EndProject
Project("{2150E333-8FDC-42A3-9474-1A3956D46DE8}") = "AspNetCleanArch.Presentation", "AspNetCleanArch.Presentation", "{4571BAA5-B535-4252-81FF-3A9DB7A1D0AB}"
EndProject
Project("{9A19103F-16F7-4668-BE54-9A1E7A4F7556}") = "CleanArch.Domain", "CleanArch.Domain\CleanArch.Domain.csproj", "{7643EFEC-7843-4D92-99C8-08FB1C439ACD}"
EndProject
Project("{9A19103F-16F7-4668-BE54-9A1E7A4F7556}") = "CleanArch.MVC", "CleanArch.MVC\CleanArch.MVC.csproj", "{38FDFA38-5074-4E1D-AB14-F93244711588}"
EndProject
Project("{9A19103F-16F7-4668-BE54-9A1E7A4F7556}") = "CleanArch.Infrastructure.Data", "CleanArch.Infrastructure.Data\CleanArch.Infrastructure.Data.csproj", "{34038509-3138-4E7A-B056-A89C2834B4AF}"
EndProject
Project("{9A19103F-16F7-4668-BE54-9A1E7A4F7556}") = "CleanArch.Application", "CleanArch.Application\CleanArch.Application.csproj", "{59ED3B43-A94F-4F8F-96F3-04232EEA4451}"
EndProject
Project("{FAE04EC0-301F-11D3-BF4B-00C04F79EFBC}") = "CleanArch.Infra.InversionOfControl", "CleanArch.Infra.InversionOfControl\CleanArch.Infra.InversionOfControl.csproj", "{5C1C82EF-8168-4612-BE7C-5F96A63E5C3F}"
EndProject
Project("{2150E333-8FDC-42A3-9474-1A3956D46DE8}") = "Infrastructure.Bus", "Infrastructure.Bus", "{DB3A902C-4F2D-4E5D-A26E-056A8D3D22D5}"
EndProject
Project("{2150E333-8FDC-42A3-9474-1A3956D46DE8}") = "Api", "Api", "{B4F3E702-4A75-4A2C-AD99-B578A2F78B0F}"
EndProject
Project("{FAE04EC0-301F-11D3-BF4B-00C04F79EFBC}") = "CleanArch.Infrastructure.Bus", "CleanArch.Infrastructure.Bus\CleanArch.Infrastructure.Bus.csproj", "{7E42116A-2302-48D2-9063-54D290EEA546}"
EndProject
Global
	GlobalSection(SolutionConfigurationPlatforms) = preSolution
		Debug|Any CPU = Debug|Any CPU
		Release|Any CPU = Release|Any CPU
	EndGlobalSection
	GlobalSection(ProjectConfigurationPlatforms) = postSolution
		{7643EFEC-7843-4D92-99C8-08FB1C439ACD}.Debug|Any CPU.ActiveCfg = Debug|Any CPU
		{7643EFEC-7843-4D92-99C8-08FB1C439ACD}.Debug|Any CPU.Build.0 = Debug|Any CPU
		{7643EFEC-7843-4D92-99C8-08FB1C439ACD}.Release|Any CPU.ActiveCfg = Release|Any CPU
		{7643EFEC-7843-4D92-99C8-08FB1C439ACD}.Release|Any CPU.Build.0 = Release|Any CPU
		{38FDFA38-5074-4E1D-AB14-F93244711588}.Debug|Any CPU.ActiveCfg = Debug|Any CPU
		{38FDFA38-5074-4E1D-AB14-F93244711588}.Debug|Any CPU.Build.0 = Debug|Any CPU
		{38FDFA38-5074-4E1D-AB14-F93244711588}.Release|Any CPU.ActiveCfg = Release|Any CPU
		{38FDFA38-5074-4E1D-AB14-F93244711588}.Release|Any CPU.Build.0 = Release|Any CPU
		{34038509-3138-4E7A-B056-A89C2834B4AF}.Debug|Any CPU.ActiveCfg = Debug|Any CPU
		{34038509-3138-4E7A-B056-A89C2834B4AF}.Debug|Any CPU.Build.0 = Debug|Any CPU
		{34038509-3138-4E7A-B056-A89C2834B4AF}.Release|Any CPU.ActiveCfg = Release|Any CPU
		{34038509-3138-4E7A-B056-A89C2834B4AF}.Release|Any CPU.Build.0 = Release|Any CPU
		{59ED3B43-A94F-4F8F-96F3-04232EEA4451}.Debug|Any CPU.ActiveCfg = Debug|Any CPU
		{59ED3B43-A94F-4F8F-96F3-04232EEA4451}.Debug|Any CPU.Build.0 = Debug|Any CPU
		{59ED3B43-A94F-4F8F-96F3-04232EEA4451}.Release|Any CPU.ActiveCfg = Release|Any CPU
		{59ED3B43-A94F-4F8F-96F3-04232EEA4451}.Release|Any CPU.Build.0 = Release|Any CPU
		{5C1C82EF-8168-4612-BE7C-5F96A63E5C3F}.Debug|Any CPU.ActiveCfg = Debug|Any CPU
		{5C1C82EF-8168-4612-BE7C-5F96A63E5C3F}.Debug|Any CPU.Build.0 = Debug|Any CPU
		{5C1C82EF-8168-4612-BE7C-5F96A63E5C3F}.Release|Any CPU.ActiveCfg = Release|Any CPU
		{5C1C82EF-8168-4612-BE7C-5F96A63E5C3F}.Release|Any CPU.Build.0 = Release|Any CPU
		{7E42116A-2302-48D2-9063-54D290EEA546}.Debug|Any CPU.ActiveCfg = Debug|Any CPU
		{7E42116A-2302-48D2-9063-54D290EEA546}.Debug|Any CPU.Build.0 = Debug|Any CPU
		{7E42116A-2302-48D2-9063-54D290EEA546}.Release|Any CPU.ActiveCfg = Release|Any CPU
		{7E42116A-2302-48D2-9063-54D290EEA546}.Release|Any CPU.Build.0 = Release|Any CPU
	EndGlobalSection
	GlobalSection(SolutionProperties) = preSolution
		HideSolutionNode = FALSE
	EndGlobalSection
	GlobalSection(NestedProjects) = preSolution
		{7643EFEC-7843-4D92-99C8-08FB1C439ACD} = {43E44A65-3374-4764-9BF0-B062386F8A3F}
		{38FDFA38-5074-4E1D-AB14-F93244711588} = {4571BAA5-B535-4252-81FF-3A9DB7A1D0AB}
		{34038509-3138-4E7A-B056-A89C2834B4AF} = {56EAB48E-2045-44D0-B257-F54B502CE33F}
		{59ED3B43-A94F-4F8F-96F3-04232EEA4451} = {C6542748-DA3B-45BC-BE75-A501039FEF6E}
		{5C1C82EF-8168-4612-BE7C-5F96A63E5C3F} = {F971AF2C-A464-4FAD-A63E-F5ED1AB82AD5}
		{7E42116A-2302-48D2-9063-54D290EEA546} = {DB3A902C-4F2D-4E5D-A26E-056A8D3D22D5}
	EndGlobalSection
	GlobalSection(ExtensibilityGlobals) = postSolution
		SolutionGuid = {9A95B336-2CE8-4BDE-AD0E-ED656C1A5934}
	EndGlobalSection
EndGlobal
